
Microsoft Visual Studio Solution File, Format Version 12.00
# Visual Studio Version 16
VisualStudioVersion = 16.0.30907.101
MinimumVisualStudioVersion = 10.0.40219.1
Project("{FAE04EC0-301F-11D3-BF4B-00C04F79EFBC}") = "TinderConsoleServer", "TinderConsoleServer\TinderConsoleServer.csproj", "{F85FB34F-C9BC-4BE0-B01C-786B8826A834}"
EndProject
Global
	GlobalSection(SolutionConfigurationPlatforms) = preSolution
		Debug|Any CPU = Debug|Any CPU
		Release|Any CPU = Release|Any CPU
	EndGlobalSection
	GlobalSection(ProjectConfigurationPlatforms) = postSolution
		{F85FB34F-C9BC-4BE0-B01C-786B8826A834}.Debug|Any CPU.ActiveCfg = Debug|Any CPU
		{F85FB34F-C9BC-4BE0-B01C-786B8826A834}.Debug|Any CPU.Build.0 = Debug|Any CPU
		{F85FB34F-C9BC-4BE0-B01C-786B8826A834}.Release|Any CPU.ActiveCfg = Release|Any CPU
		{F85FB34F-C9BC-4BE0-B01C-786B8826A834}.Release|Any CPU.Build.0 = Release|Any CPU
	EndGlobalSection
	GlobalSection(SolutionProperties) = preSolution
		HideSolutionNode = FALSE
	EndGlobalSection
	GlobalSection(ExtensibilityGlobals) = postSolution
		SolutionGuid = {8E81A67B-82A3-4B64-9B90-B0A418F2B12C}
	EndGlobalSection
EndGlobal
